
Microsoft Visual Studio Solution File, Format Version 11.00
# Visual Studio 2010
Project("{FAE04EC0-301F-11D3-BF4B-00C04F79EFBC}") = "HTMLGenerator", "HTMLGenerator.csproj", "{DBB69CC0-88F5-4E6A-9C29-372AD1B5E64E}"
EndProject
Global
	GlobalSection(SolutionConfigurationPlatforms) = preSolution
		Debug|Mixed Platforms = Debug|Mixed Platforms
		Debug|Win32 = Debug|Win32
		Debug|x86 = Debug|x86
		Release|Mixed Platforms = Release|Mixed Platforms
		Release|Win32 = Release|Win32
		Release|x86 = Release|x86
	EndGlobalSection
	GlobalSection(ProjectConfigurationPlatforms) = postSolution
		{DBB69CC0-88F5-4E6A-9C29-372AD1B5E64E}.Debug|Mixed Platforms.ActiveCfg = Debug|x86
		{DBB69CC0-88F5-4E6A-9C29-372AD1B5E64E}.Debug|Mixed Platforms.Build.0 = Debug|x86
		{DBB69CC0-88F5-4E6A-9C29-372AD1B5E64E}.Debug|Win32.ActiveCfg = Debug|x86
		{DBB69CC0-88F5-4E6A-9C29-372AD1B5E64E}.Debug|x86.ActiveCfg = Debug|x86
		{DBB69CC0-88F5-4E6A-9C29-372AD1B5E64E}.Debug|x86.Build.0 = Debug|x86
		{DBB69CC0-88F5-4E6A-9C29-372AD1B5E64E}.Release|Mixed Platforms.ActiveCfg = Release|x86
		{DBB69CC0-88F5-4E6A-9C29-372AD1B5E64E}.Release|Mixed Platforms.Build.0 = Release|x86
		{DBB69CC0-88F5-4E6A-9C29-372AD1B5E64E}.Release|Win32.ActiveCfg = Release|x86
		{DBB69CC0-88F5-4E6A-9C29-372AD1B5E64E}.Release|x86.ActiveCfg = Release|x86
		{DBB69CC0-88F5-4E6A-9C29-372AD1B5E64E}.Release|x86.Build.0 = Release|x86
		{C08EC79D-EB8E-4073-914F-81CC953356F0}.Debug|Mixed Platforms.ActiveCfg = Debug|Win32
		{C08EC79D-EB8E-4073-914F-81CC953356F0}.Debug|Mixed Platforms.Build.0 = Debug|Win32
		{C08EC79D-EB8E-4073-914F-81CC953356F0}.Debug|Win32.ActiveCfg = Debug|Win32
		{C08EC79D-EB8E-4073-914F-81CC953356F0}.Debug|Win32.Build.0 = Debug|Win32
		{C08EC79D-EB8E-4073-914F-81CC953356F0}.Debug|x86.ActiveCfg = Debug|Win32
		{C08EC79D-EB8E-4073-914F-81CC953356F0}.Release|Mixed Platforms.ActiveCfg = Release|Win32
		{C08EC79D-EB8E-4073-914F-81CC953356F0}.Release|Mixed Platforms.Build.0 = Release|Win32
		{C08EC79D-EB8E-4073-914F-81CC953356F0}.Release|Win32.ActiveCfg = Release|Win32
		{C08EC79D-EB8E-4073-914F-81CC953356F0}.Release|Win32.Build.0 = Release|Win32
		{C08EC79D-EB8E-4073-914F-81CC953356F0}.Release|x86.ActiveCfg = Release|Win32
	EndGlobalSection
	GlobalSection(SolutionProperties) = preSolution
		HideSolutionNode = FALSE
	EndGlobalSection
EndGlobal
